// !$*UTF8*$!
{
	archiveVersion = 1;
	classes = {
	};
	objectVersion = 50;
	objects = {

/* Begin PBXBuildFile section */
		FB1270912443F893002052D6 /* collision.c in Sources */ = {isa = PBXBuildFile; fileRef = FB12708F2443F893002052D6 /* collision.c */; };
		FB66DD59242E6BED0093B249 /* parg.c in Sources */ = {isa = PBXBuildFile; fileRef = FB66DD58242E6BED0093B249 /* parg.c */; };
		FB6DEF8C23F62B0900B14D70 /* main.c in Sources */ = {isa = PBXBuildFile; fileRef = FB6DEF8B23F62B0900B14D70 /* main.c */; };
		FB6DEF9223F62B6B00B14D70 /* stb_perlin.c in Sources */ = {isa = PBXBuildFile; fileRef = FB6DEF9123F62B6B00B14D70 /* stb_perlin.c */; };
		FB6DEF9523F62C3700B14D70 /* sched.c in Sources */ = {isa = PBXBuildFile; fileRef = FB6DEF9323F62C3700B14D70 /* sched.c */; };
		FB6DEF9623F62C3700B14D70 /* stb_image_write.c in Sources */ = {isa = PBXBuildFile; fileRef = FB6DEF9423F62C3700B14D70 /* stb_image_write.c */; };
		FB9DA6B82441FDD7009BE2CB /* simulation.c in Sources */ = {isa = PBXBuildFile; fileRef = FB9DA6B72441FDD7009BE2CB /* simulation.c */; };
		FBA6036724336D7000C69EF3 /* angle.c in Sources */ = {isa = PBXBuildFile; fileRef = FBA6036524336D7000C69EF3 /* angle.c */; };
		FBB26FC324434CD3003A680B /* bucket.c in Sources */ = {isa = PBXBuildFile; fileRef = FBB26FC224434CD3003A680B /* bucket.c */; };
		FBBEBCF22450BD97001D38EE /* config.c in Sources */ = {isa = PBXBuildFile; fileRef = FBBEBCF12450BD97001D38EE /* config.c */; };
		FBC6A78A2433BBFE00C8A07C /* rasterization.c in Sources */ = {isa = PBXBuildFile; fileRef = FBC6A7892433BBFD00C8A07C /* rasterization.c */; };
		FBFF6E77244C805600B7FE99 /* test.c in Sources */ = {isa = PBXBuildFile; fileRef = FBFF6E75244C805600B7FE99 /* test.c */; };
/* End PBXBuildFile section */

/* Begin PBXCopyFilesBuildPhase section */
		FB24F19F23F62A1F007BE23D /* CopyFiles */ = {
			isa = PBXCopyFilesBuildPhase;
			buildActionMask = 2147483647;
			dstPath = /usr/share/man/man1/;
			dstSubfolderSpec = 0;
			files = (
			);
			runOnlyForDeploymentPostprocessing = 1;
		};
/* End PBXCopyFilesBuildPhase section */

/* Begin PBXFileReference section */
		FB12708D2443F893002052D6 /* random.h */ = {isa = PBXFileReference; fileEncoding = 4; lastKnownFileType = sourcecode.c.h; name = random.h; path = src/extern/random.h; sourceTree = "<group>"; };
		FB12708E2443F893002052D6 /* color.h */ = {isa = PBXFileReference; fileEncoding = 4; lastKnownFileType = sourcecode.c.h; name = color.h; path = src/extern/color.h; sourceTree = "<group>"; };
		FB12708F2443F893002052D6 /* collision.c */ = {isa = PBXFileReference; fileEncoding = 4; lastKnownFileType = sourcecode.c.c; name = collision.c; path = src/extern/collision.c; sourceTree = "<group>"; };
		FB1270902443F893002052D6 /* collision.h */ = {isa = PBXFileReference; fileEncoding = 4; lastKnownFileType = sourcecode.c.h; name = collision.h; path = src/extern/collision.h; sourceTree = "<group>"; };
		FB20F3BF24434FF900A31A91 /* particle.h */ = {isa = PBXFileReference; fileEncoding = 4; lastKnownFileType = sourcecode.c.h; path = particle.h; sourceTree = "<group>"; };
		FB24F1A123F62A1F007BE23D /* Flow */ = {isa = PBXFileReference; explicitFileType = "compiled.mach-o.executable"; includeInIndex = 0; path = Flow; sourceTree = BUILT_PRODUCTS_DIR; };
		FB66DD57242E6BEC0093B249 /* parg.h */ = {isa = PBXFileReference; fileEncoding = 4; lastKnownFileType = sourcecode.c.h; name = parg.h; path = src/extern/parg.h; sourceTree = "<group>"; };
		FB66DD58242E6BED0093B249 /* parg.c */ = {isa = PBXFileReference; fileEncoding = 4; lastKnownFileType = sourcecode.c.c; name = parg.c; path = src/extern/parg.c; sourceTree = "<group>"; };
		FB6DEF8A23F62B0800B14D70 /* rasterization.h */ = {isa = PBXFileReference; fileEncoding = 4; lastKnownFileType = sourcecode.c.h; path = rasterization.h; sourceTree = "<group>"; };
		FB6DEF8B23F62B0900B14D70 /* main.c */ = {isa = PBXFileReference; fileEncoding = 4; lastKnownFileType = sourcecode.c.c; path = main.c; sourceTree = "<group>"; };
		FB6DEF8D23F62B1600B14D70 /* stb_perlin.h */ = {isa = PBXFileReference; fileEncoding = 4; lastKnownFileType = sourcecode.c.h; name = stb_perlin.h; path = src/extern/stb_perlin.h; sourceTree = "<group>"; };
		FB6DEF8E23F62B1600B14D70 /* vec2.h */ = {isa = PBXFileReference; fileEncoding = 4; lastKnownFileType = sourcecode.c.h; name = vec2.h; path = src/extern/vec2.h; sourceTree = "<group>"; };
		FB6DEF8F23F62B1600B14D70 /* stb_image_write.h */ = {isa = PBXFileReference; fileEncoding = 4; lastKnownFileType = sourcecode.c.h; name = stb_image_write.h; path = src/extern/stb_image_write.h; sourceTree = "<group>"; };
		FB6DEF9023F62B1600B14D70 /* sched.h */ = {isa = PBXFileReference; fileEncoding = 4; lastKnownFileType = sourcecode.c.h; name = sched.h; path = src/extern/sched.h; sourceTree = "<group>"; };
		FB6DEF9123F62B6B00B14D70 /* stb_perlin.c */ = {isa = PBXFileReference; fileEncoding = 4; lastKnownFileType = sourcecode.c.c; name = stb_perlin.c; path = src/extern/stb_perlin.c; sourceTree = "<group>"; };
		FB6DEF9323F62C3700B14D70 /* sched.c */ = {isa = PBXFileReference; fileEncoding = 4; lastKnownFileType = sourcecode.c.c; name = sched.c; path = src/extern/sched.c; sourceTree = "<group>"; };
		FB6DEF9423F62C3700B14D70 /* stb_image_write.c */ = {isa = PBXFileReference; fileEncoding = 4; lastKnownFileType = sourcecode.c.c; name = stb_image_write.c; path = src/extern/stb_image_write.c; sourceTree = "<group>"; };
		FB9DA6B52441FDD7009BE2CB /* simulation.h */ = {isa = PBXFileReference; fileEncoding = 4; lastKnownFileType = sourcecode.c.h; path = simulation.h; sourceTree = "<group>"; };
		FB9DA6B62441FDD7009BE2CB /* image_buffers.h */ = {isa = PBXFileReference; fileEncoding = 4; lastKnownFileType = sourcecode.c.h; path = image_buffers.h; sourceTree = "<group>"; };
		FB9DA6B72441FDD7009BE2CB /* simulation.c */ = {isa = PBXFileReference; fileEncoding = 4; lastKnownFileType = sourcecode.c.c; path = simulation.c; sourceTree = "<group>"; };
		FBA6036524336D7000C69EF3 /* angle.c */ = {isa = PBXFileReference; fileEncoding = 4; lastKnownFileType = sourcecode.c.c; path = angle.c; sourceTree = "<group>"; };
		FBA6036624336D7000C69EF3 /* angle.h */ = {isa = PBXFileReference; fileEncoding = 4; lastKnownFileType = sourcecode.c.h; path = angle.h; sourceTree = "<group>"; };
		FBB26FC124434CD3003A680B /* bucket.h */ = {isa = PBXFileReference; fileEncoding = 4; lastKnownFileType = sourcecode.c.h; path = bucket.h; sourceTree = "<group>"; };
		FBB26FC224434CD3003A680B /* bucket.c */ = {isa = PBXFileReference; fileEncoding = 4; lastKnownFileType = sourcecode.c.c; path = bucket.c; sourceTree = "<group>"; };
		FBBEBCF02450BBDC001D38EE /* config.h */ = {isa = PBXFileReference; fileEncoding = 4; lastKnownFileType = sourcecode.c.h; path = config.h; sourceTree = "<group>"; };
		FBBEBCF12450BD97001D38EE /* config.c */ = {isa = PBXFileReference; fileEncoding = 4; lastKnownFileType = sourcecode.c.c; path = config.c; sourceTree = "<group>"; };
		FBC6A7892433BBFD00C8A07C /* rasterization.c */ = {isa = PBXFileReference; fileEncoding = 4; lastKnownFileType = sourcecode.c.c; path = rasterization.c; sourceTree = "<group>"; };
		FBFF6E75244C805600B7FE99 /* test.c */ = {isa = PBXFileReference; fileEncoding = 4; lastKnownFileType = sourcecode.c.c; path = test.c; sourceTree = "<group>"; };
		FBFF6E76244C805600B7FE99 /* test.h */ = {isa = PBXFileReference; fileEncoding = 4; lastKnownFileType = sourcecode.c.h; path = test.h; sourceTree = "<group>"; };
		FBFF6E78244C823000B7FE99 /* palette.h */ = {isa = PBXFileReference; fileEncoding = 4; lastKnownFileType = sourcecode.c.h; name = palette.h; path = src/extern/palette.h; sourceTree = "<group>"; };
/* End PBXFileReference section */

/* Begin PBXFrameworksBuildPhase section */
		FB24F19E23F62A1F007BE23D /* Frameworks */ = {
			isa = PBXFrameworksBuildPhase;
			buildActionMask = 2147483647;
			files = (
			);
			runOnlyForDeploymentPostprocessing = 0;
		};
/* End PBXFrameworksBuildPhase section */

/* Begin PBXGroup section */
		FB24F19823F62A1F007BE23D = {
			isa = PBXGroup;
			children = (
				FB6DEF8923F62AF700B14D70 /* extern */,
				FB24F1A323F62A1F007BE23D /* src */,
				FB24F1A223F62A1F007BE23D /* Products */,
			);
			sourceTree = "<group>";
		};
		FB24F1A223F62A1F007BE23D /* Products */ = {
			isa = PBXGroup;
			children = (
				FB24F1A123F62A1F007BE23D /* Flow */,
			);
			name = Products;
			sourceTree = "<group>";
		};
		FB24F1A323F62A1F007BE23D /* src */ = {
			isa = PBXGroup;
			children = (
				FBBEBCF12450BD97001D38EE /* config.c */,
				FBBEBCF02450BBDC001D38EE /* config.h */,
				FBFF6E75244C805600B7FE99 /* test.c */,
				FBFF6E76244C805600B7FE99 /* test.h */,
				FB20F3BF24434FF900A31A91 /* particle.h */,
				FBB26FC224434CD3003A680B /* bucket.c */,
				FBB26FC124434CD3003A680B /* bucket.h */,
				FB9DA6B62441FDD7009BE2CB /* image_buffers.h */,
				FB9DA6B72441FDD7009BE2CB /* simulation.c */,
				FB9DA6B52441FDD7009BE2CB /* simulation.h */,
				FBA6036524336D7000C69EF3 /* angle.c */,
				FBA6036624336D7000C69EF3 /* angle.h */,
				FB6DEF8B23F62B0900B14D70 /* main.c */,
				FBC6A7892433BBFD00C8A07C /* rasterization.c */,
				FB6DEF8A23F62B0800B14D70 /* rasterization.h */,
			);
			path = src;
			sourceTree = "<group>";
		};
		FB6DEF8923F62AF700B14D70 /* extern */ = {
			isa = PBXGroup;
			children = (
				FBFF6E78244C823000B7FE99 /* palette.h */,
				FB12708F2443F893002052D6 /* collision.c */,
				FB1270902443F893002052D6 /* collision.h */,
				FB12708E2443F893002052D6 /* color.h */,
				FB12708D2443F893002052D6 /* random.h */,
				FB66DD58242E6BED0093B249 /* parg.c */,
				FB66DD57242E6BEC0093B249 /* parg.h */,
				FB6DEF9323F62C3700B14D70 /* sched.c */,
				FB6DEF9423F62C3700B14D70 /* stb_image_write.c */,
				FB6DEF9123F62B6B00B14D70 /* stb_perlin.c */,
				FB6DEF9023F62B1600B14D70 /* sched.h */,
				FB6DEF8F23F62B1600B14D70 /* stb_image_write.h */,
				FB6DEF8D23F62B1600B14D70 /* stb_perlin.h */,
				FB6DEF8E23F62B1600B14D70 /* vec2.h */,
			);
			name = extern;
			sourceTree = "<group>";
		};
/* End PBXGroup section */

/* Begin PBXNativeTarget section */
		FB24F1A023F62A1F007BE23D /* Flow */ = {
			isa = PBXNativeTarget;
			buildConfigurationList = FB24F1A823F62A1F007BE23D /* Build configuration list for PBXNativeTarget "Flow" */;
			buildPhases = (
				FB24F19D23F62A1F007BE23D /* Sources */,
				FB24F19E23F62A1F007BE23D /* Frameworks */,
				FB24F19F23F62A1F007BE23D /* CopyFiles */,
			);
			buildRules = (
			);
			dependencies = (
			);
			name = Flow;
			productName = Flow;
			productReference = FB24F1A123F62A1F007BE23D /* Flow */;
			productType = "com.apple.product-type.tool";
		};
/* End PBXNativeTarget section */

/* Begin PBXProject section */
		FB24F19923F62A1F007BE23D /* Project object */ = {
			isa = PBXProject;
			attributes = {
				LastUpgradeCheck = 1130;
				ORGANIZATIONNAME = Geolm;
				TargetAttributes = {
					FB24F1A023F62A1F007BE23D = {
						CreatedOnToolsVersion = 11.3;
					};
				};
			};
			buildConfigurationList = FB24F19C23F62A1F007BE23D /* Build configuration list for PBXProject "Flow" */;
			compatibilityVersion = "Xcode 9.3";
			developmentRegion = en;
			hasScannedForEncodings = 0;
			knownRegions = (
				en,
				Base,
			);
			mainGroup = FB24F19823F62A1F007BE23D;
			productRefGroup = FB24F1A223F62A1F007BE23D /* Products */;
			projectDirPath = "";
			projectRoot = "";
			targets = (
				FB24F1A023F62A1F007BE23D /* Flow */,
			);
		};
/* End PBXProject section */

/* Begin PBXSourcesBuildPhase section */
		FB24F19D23F62A1F007BE23D /* Sources */ = {
			isa = PBXSourcesBuildPhase;
			buildActionMask = 2147483647;
			files = (
				FB1270912443F893002052D6 /* collision.c in Sources */,
				FBFF6E77244C805600B7FE99 /* test.c in Sources */,
				FBC6A78A2433BBFE00C8A07C /* rasterization.c in Sources */,
				FB66DD59242E6BED0093B249 /* parg.c in Sources */,
				FBB26FC324434CD3003A680B /* bucket.c in Sources */,
				FB9DA6B82441FDD7009BE2CB /* simulation.c in Sources */,
				FB6DEF9523F62C3700B14D70 /* sched.c in Sources */,
				FBBEBCF22450BD97001D38EE /* config.c in Sources */,
				FB6DEF8C23F62B0900B14D70 /* main.c in Sources */,
				FBA6036724336D7000C69EF3 /* angle.c in Sources */,
				FB6DEF9223F62B6B00B14D70 /* stb_perlin.c in Sources */,
				FB6DEF9623F62C3700B14D70 /* stb_image_write.c in Sources */,
			);
			runOnlyForDeploymentPostprocessing = 0;
		};
/* End PBXSourcesBuildPhase section */

/* Begin XCBuildConfiguration section */
		FB24F1A623F62A1F007BE23D /* Debug */ = {
			isa = XCBuildConfiguration;
			buildSettings = {
				ALWAYS_SEARCH_USER_PATHS = NO;
				CLANG_ANALYZER_NONNULL = YES;
				CLANG_ANALYZER_NUMBER_OBJECT_CONVERSION = YES_AGGRESSIVE;
				CLANG_CXX_LANGUAGE_STANDARD = "gnu++14";
				CLANG_CXX_LIBRARY = "libc++";
				CLANG_ENABLE_MODULES = YES;
				CLANG_ENABLE_OBJC_ARC = YES;
				CLANG_ENABLE_OBJC_WEAK = YES;
				CLANG_WARN_BLOCK_CAPTURE_AUTORELEASING = YES;
				CLANG_WARN_BOOL_CONVERSION = YES;
				CLANG_WARN_COMMA = YES;
				CLANG_WARN_CONSTANT_CONVERSION = YES;
				CLANG_WARN_DEPRECATED_OBJC_IMPLEMENTATIONS = YES;
				CLANG_WARN_DIRECT_OBJC_ISA_USAGE = YES_ERROR;
				CLANG_WARN_DOCUMENTATION_COMMENTS = YES;
				CLANG_WARN_EMPTY_BODY = YES;
				CLANG_WARN_ENUM_CONVERSION = YES;
				CLANG_WARN_INFINITE_RECURSION = YES;
				CLANG_WARN_INT_CONVERSION = YES;
				CLANG_WARN_NON_LITERAL_NULL_CONVERSION = YES;
				CLANG_WARN_OBJC_IMPLICIT_RETAIN_SELF = YES;
				CLANG_WARN_OBJC_LITERAL_CONVERSION = YES;
				CLANG_WARN_OBJC_ROOT_CLASS = YES_ERROR;
				CLANG_WARN_RANGE_LOOP_ANALYSIS = YES;
				CLANG_WARN_STRICT_PROTOTYPES = YES;
				CLANG_WARN_SUSPICIOUS_MOVE = YES;
				CLANG_WARN_UNGUARDED_AVAILABILITY = YES_AGGRESSIVE;
				CLANG_WARN_UNREACHABLE_CODE = YES;
				CLANG_WARN__DUPLICATE_METHOD_MATCH = YES;
				COPY_PHASE_STRIP = NO;
				DEBUG_INFORMATION_FORMAT = dwarf;
				ENABLE_STRICT_OBJC_MSGSEND = YES;
				ENABLE_TESTABILITY = YES;
				GCC_C_LANGUAGE_STANDARD = gnu11;
				GCC_DYNAMIC_NO_PIC = NO;
				GCC_NO_COMMON_BLOCKS = YES;
				GCC_OPTIMIZATION_LEVEL = 0;
				GCC_PREPROCESSOR_DEFINITIONS = (
					"DEBUG=1",
					"$(inherited)",
				);
				GCC_WARN_64_TO_32_BIT_CONVERSION = YES;
				GCC_WARN_ABOUT_RETURN_TYPE = YES_ERROR;
				GCC_WARN_UNDECLARED_SELECTOR = YES;
				GCC_WARN_UNINITIALIZED_AUTOS = YES_AGGRESSIVE;
				GCC_WARN_UNUSED_FUNCTION = YES;
				GCC_WARN_UNUSED_VARIABLE = YES;
				MACOSX_DEPLOYMENT_TARGET = 10.14;
				MTL_ENABLE_DEBUG_INFO = INCLUDE_SOURCE;
				MTL_FAST_MATH = YES;
				ONLY_ACTIVE_ARCH = YES;
				SDKROOT = macosx;
			};
			name = Debug;
		};
		FB24F1A723F62A1F007BE23D /* Release */ = {
			isa = XCBuildConfiguration;
			buildSettings = {
				ALWAYS_SEARCH_USER_PATHS = NO;
				CLANG_ANALYZER_NONNULL = YES;
				CLANG_ANALYZER_NUMBER_OBJECT_CONVERSION = YES_AGGRESSIVE;
				CLANG_CXX_LANGUAGE_STANDARD = "gnu++14";
				CLANG_CXX_LIBRARY = "libc++";
				CLANG_ENABLE_MODULES = YES;
				CLANG_ENABLE_OBJC_ARC = YES;
				CLANG_ENABLE_OBJC_WEAK = YES;
				CLANG_WARN_BLOCK_CAPTURE_AUTORELEASING = YES;
				CLANG_WARN_BOOL_CONVERSION = YES;
				CLANG_WARN_COMMA = YES;
				CLANG_WARN_CONSTANT_CONVERSION = YES;
				CLANG_WARN_DEPRECATED_OBJC_IMPLEMENTATIONS = YES;
				CLANG_WARN_DIRECT_OBJC_ISA_USAGE = YES_ERROR;
				CLANG_WARN_DOCUMENTATION_COMMENTS = YES;
				CLANG_WARN_EMPTY_BODY = YES;
				CLANG_WARN_ENUM_CONVERSION = YES;
				CLANG_WARN_INFINITE_RECURSION = YES;
				CLANG_WARN_INT_CONVERSION = YES;
				CLANG_WARN_NON_LITERAL_NULL_CONVERSION = YES;
				CLANG_WARN_OBJC_IMPLICIT_RETAIN_SELF = YES;
				CLANG_WARN_OBJC_LITERAL_CONVERSION = YES;
				CLANG_WARN_OBJC_ROOT_CLASS = YES_ERROR;
				CLANG_WARN_RANGE_LOOP_ANALYSIS = YES;
				CLANG_WARN_STRICT_PROTOTYPES = YES;
				CLANG_WARN_SUSPICIOUS_MOVE = YES;
				CLANG_WARN_UNGUARDED_AVAILABILITY = YES_AGGRESSIVE;
				CLANG_WARN_UNREACHABLE_CODE = YES;
				CLANG_WARN__DUPLICATE_METHOD_MATCH = YES;
				COPY_PHASE_STRIP = NO;
				DEBUG_INFORMATION_FORMAT = "dwarf-with-dsym";
				ENABLE_NS_ASSERTIONS = NO;
				ENABLE_STRICT_OBJC_MSGSEND = YES;
				GCC_C_LANGUAGE_STANDARD = gnu11;
				GCC_NO_COMMON_BLOCKS = YES;
				GCC_WARN_64_TO_32_BIT_CONVERSION = YES;
				GCC_WARN_ABOUT_RETURN_TYPE = YES_ERROR;
				GCC_WARN_UNDECLARED_SELECTOR = YES;
				GCC_WARN_UNINITIALIZED_AUTOS = YES_AGGRESSIVE;
				GCC_WARN_UNUSED_FUNCTION = YES;
				GCC_WARN_UNUSED_VARIABLE = YES;
				MACOSX_DEPLOYMENT_TARGET = 10.14;
				MTL_ENABLE_DEBUG_INFO = NO;
				MTL_FAST_MATH = YES;
				SDKROOT = macosx;
			};
			name = Release;
		};
		FB24F1A923F62A1F007BE23D /* Debug */ = {
			isa = XCBuildConfiguration;
			buildSettings = {
				CODE_SIGN_STYLE = Automatic;
				PRODUCT_NAME = "$(TARGET_NAME)";
			};
			name = Debug;
		};
		FB24F1AA23F62A1F007BE23D /* Release */ = {
			isa = XCBuildConfiguration;
			buildSettings = {
				CODE_SIGN_STYLE = Automatic;
				GCC_OPTIMIZATION_LEVEL = fast;
				PRODUCT_NAME = "$(TARGET_NAME)";
			};
			name = Release;
		};
/* End XCBuildConfiguration section */

/* Begin XCConfigurationList section */
		FB24F19C23F62A1F007BE23D /* Build configuration list for PBXProject "Flow" */ = {
			isa = XCConfigurationList;
			buildConfigurations = (
				FB24F1A623F62A1F007BE23D /* Debug */,
				FB24F1A723F62A1F007BE23D /* Release */,
			);
			defaultConfigurationIsVisible = 0;
			defaultConfigurationName = Release;
		};
		FB24F1A823F62A1F007BE23D /* Build configuration list for PBXNativeTarget "Flow" */ = {
			isa = XCConfigurationList;
			buildConfigurations = (
				FB24F1A923F62A1F007BE23D /* Debug */,
				FB24F1AA23F62A1F007BE23D /* Release */,
			);
			defaultConfigurationIsVisible = 0;
			defaultConfigurationName = Release;
		};
/* End XCConfigurationList section */
	};
	rootObject = FB24F19923F62A1F007BE23D /* Project object */;
}
